
Microsoft Visual Studio Solution File, Format Version 12.00
# Visual Studio 15
VisualStudioVersion = 15.0.26730.12
MinimumVisualStudioVersion = 10.0.40219.1
Project("{8BC9CEB8-8B4A-11D0-8D11-00A0C91BC942}") = "Tele lab 1", "Tele lab 1\Tele lab 1.vcxproj", "{3D8E075C-432D-44D4-AEF8-04DC07CABC82}"
EndProject
Global
	GlobalSection(Performance) = preSolution
		HasPerformanceSessions = true
	EndGlobalSection
	GlobalSection(SolutionConfigurationPlatforms) = preSolution
		Debug|x64 = Debug|x64
		Debug|x86 = Debug|x86
		Release|x64 = Release|x64
		Release|x86 = Release|x86
	EndGlobalSection
	GlobalSection(ProjectConfigurationPlatforms) = postSolution
		{3D8E075C-432D-44D4-AEF8-04DC07CABC82}.Debug|x64.ActiveCfg = Debug|x64
		{3D8E075C-432D-44D4-AEF8-04DC07CABC82}.Debug|x64.Build.0 = Debug|x64
		{3D8E075C-432D-44D4-AEF8-04DC07CABC82}.Debug|x86.ActiveCfg = Debug|Win32
		{3D8E075C-432D-44D4-AEF8-04DC07CABC82}.Debug|x86.Build.0 = Debug|Win32
		{3D8E075C-432D-44D4-AEF8-04DC07CABC82}.Release|x64.ActiveCfg = Release|x64
		{3D8E075C-432D-44D4-AEF8-04DC07CABC82}.Release|x64.Build.0 = Release|x64
		{3D8E075C-432D-44D4-AEF8-04DC07CABC82}.Release|x86.ActiveCfg = Release|Win32
		{3D8E075C-432D-44D4-AEF8-04DC07CABC82}.Release|x86.Build.0 = Release|Win32
	EndGlobalSection
	GlobalSection(SolutionProperties) = preSolution
		HideSolutionNode = FALSE
	EndGlobalSection
	GlobalSection(ExtensibilityGlobals) = postSolution
		SolutionGuid = {46B94F92-758D-4C1B-AD9F-F2AB89C816E2}
	EndGlobalSection
EndGlobal
